
Microsoft Visual Studio Solution File, Format Version 12.00
# Visual Studio 15
VisualStudioVersion = 15.0.27428.2015
MinimumVisualStudioVersion = 10.0.40219.1
Project("{FAE04EC0-301F-11D3-BF4B-00C04F79EFBC}") = "StealIT", "StealIT\StealIT.csproj", "{C6CC6B62-5C89-455D-9DDC-41950BC02D71}"
EndProject
Global
	GlobalSection(SolutionConfigurationPlatforms) = preSolution
		Debug|Any CPU = Debug|Any CPU
		Release|Any CPU = Release|Any CPU
	EndGlobalSection
	GlobalSection(ProjectConfigurationPlatforms) = postSolution
		{C6CC6B62-5C89-455D-9DDC-41950BC02D71}.Debug|Any CPU.ActiveCfg = Debug|Any CPU
		{C6CC6B62-5C89-455D-9DDC-41950BC02D71}.Debug|Any CPU.Build.0 = Debug|Any CPU
		{C6CC6B62-5C89-455D-9DDC-41950BC02D71}.Release|Any CPU.ActiveCfg = Release|Any CPU
		{C6CC6B62-5C89-455D-9DDC-41950BC02D71}.Release|Any CPU.Build.0 = Release|Any CPU
	EndGlobalSection
	GlobalSection(SolutionProperties) = preSolution
		HideSolutionNode = FALSE
	EndGlobalSection
	GlobalSection(ExtensibilityGlobals) = postSolution
		SolutionGuid = {3A647916-48C4-4696-8879-22E5C53B86D6}
	EndGlobalSection
EndGlobal
